<?xml version="1.0" encoding="utf-8"?>
<Project ToolsVersion="4.0" xmlns="http://schemas.microsoft.com/developer/msbuild/2003">
  <ItemGroup>
    <Filter Include="src">
      <UniqueIdentifier>{21262A03-F671-D842-BB67-57B3578828EA}</UniqueIdentifier>
    </Filter>
    <Filter Include="src\driver">
      <UniqueIdentifier>{D32F8745-75EB-4441-808E-315C4D182292}</UniqueIdentifier>
    </Filter>
  </ItemGroup>
  <ItemGroup>
    <ClInclude Include="..\src\driver\Precompiled.h">
      <Filter>src\driver</Filter>
    </ClInclude>
  </ItemGroup>
  <ItemGroup>
    <ClCompile Include="..\src\driver\driver.cpp">
      <Filter>src\driver</Filter>
    </ClCompile>
    <ClCompile Include="..\src\driver\Precompiled.cpp">
      <Filter>src\driver</Filter>
    </ClCompile>
  </ItemGroup>
</Project>
