
Microsoft Visual Studio Solution File, Format Version 11.00
# Visual Studio 2010
Project("{8BC9CEB8-8B4A-11D0-8D11-00A0C91BC942}") = "driver", "..\vs\driver.vcxproj", "{B6C174DD-CE4F-0742-AF9E-6E27EE2B26B3}"
	ProjectSection(ProjectDependencies) = postProject
		{8BC360B5-D038-F042-92F2-1591AC999D35} = {8BC360B5-D038-F042-92F2-1591AC999D35}
	EndProjectSection
EndProject
Project("{8BC9CEB8-8B4A-11D0-8D11-00A0C91BC942}") = "Lua", "..\vs\Lua.vcxproj", "{8BC360B5-D038-F042-92F2-1591AC999D35}"
EndProject
Global
	GlobalSection(SolutionConfigurationPlatforms) = preSolution
		Debug|Win32 = Debug|Win32
		Release|Win32 = Release|Win32
	EndGlobalSection
	GlobalSection(ProjectConfigurationPlatforms) = postSolution
		{B6C174DD-CE4F-0742-AF9E-6E27EE2B26B3}.Debug|Win32.ActiveCfg = Debug|Win32
		{B6C174DD-CE4F-0742-AF9E-6E27EE2B26B3}.Debug|Win32.Build.0 = Debug|Win32
		{B6C174DD-CE4F-0742-AF9E-6E27EE2B26B3}.Release|Win32.ActiveCfg = Release|Win32
		{B6C174DD-CE4F-0742-AF9E-6E27EE2B26B3}.Release|Win32.Build.0 = Release|Win32
		{8BC360B5-D038-F042-92F2-1591AC999D35}.Debug|Win32.ActiveCfg = Debug|Win32
		{8BC360B5-D038-F042-92F2-1591AC999D35}.Debug|Win32.Build.0 = Debug|Win32
		{8BC360B5-D038-F042-92F2-1591AC999D35}.Release|Win32.ActiveCfg = Release|Win32
		{8BC360B5-D038-F042-92F2-1591AC999D35}.Release|Win32.Build.0 = Release|Win32
	EndGlobalSection
	GlobalSection(SolutionProperties) = preSolution
		HideSolutionNode = FALSE
	EndGlobalSection
EndGlobal
